
Microsoft Visual Studio Solution File, Format Version 12.00
# Visual Studio Version 17
VisualStudioVersion = 17.9.34616.47
MinimumVisualStudioVersion = 10.0.40219.1
Project("{FAE04EC0-301F-11D3-BF4B-00C04F79EFBC}") = "Activity4_GUI", "Activity4_GUI\Activity4_GUI.csproj", "{E6A3FF78-7E73-4E0C-832C-B5325AA4EE1B}"
EndProject
Global
	GlobalSection(SolutionConfigurationPlatforms) = preSolution
		Debug|Any CPU = Debug|Any CPU
		Release|Any CPU = Release|Any CPU
	EndGlobalSection
	GlobalSection(ProjectConfigurationPlatforms) = postSolution
		{E6A3FF78-7E73-4E0C-832C-B5325AA4EE1B}.Debug|Any CPU.ActiveCfg = Debug|Any CPU
		{E6A3FF78-7E73-4E0C-832C-B5325AA4EE1B}.Debug|Any CPU.Build.0 = Debug|Any CPU
		{E6A3FF78-7E73-4E0C-832C-B5325AA4EE1B}.Release|Any CPU.ActiveCfg = Release|Any CPU
		{E6A3FF78-7E73-4E0C-832C-B5325AA4EE1B}.Release|Any CPU.Build.0 = Release|Any CPU
	EndGlobalSection
	GlobalSection(SolutionProperties) = preSolution
		HideSolutionNode = FALSE
	EndGlobalSection
	GlobalSection(ExtensibilityGlobals) = postSolution
		SolutionGuid = {5F09A6B5-D5C0-4C1B-8080-DFACBEAF767A}
	EndGlobalSection
EndGlobal
